# THIS IS AN AUTOGENERATED FILE. DO NOT EDIT THIS FILE DIRECTLY.
# yarn lockfile v1


"@apidevtools/json-schema-ref-parser@^9.0.6":
  "integrity" "sha512-r1w81DpR+KyRWd3f+rk6TNqMgedmAxZP5v5KWlXQWlgMUUtyEJch0DKEci1SorPMiSeM8XPl7MZ3miJ60JIpQg=="
  "resolved" "https://registry.npmjs.org/@apidevtools/json-schema-ref-parser/-/json-schema-ref-parser-9.1.2.tgz"
  "version" "9.1.2"
  dependencies:
    "@jsdevtools/ono" "^7.1.3"
    "@types/json-schema" "^7.0.6"
    "call-me-maybe" "^1.0.1"
    "js-yaml" "^4.1.0"

"@apidevtools/openapi-schemas@^2.0.4":
  "integrity" "sha512-Zc1AlqrJlX3SlpupFGpiLi2EbteyP7fXmUOGup6/DnkRgjP9bgMM/ag+n91rsv0U1Gpz0H3VILA/o3bW7Ua6BQ=="
  "resolved" "https://registry.npmjs.org/@apidevtools/openapi-schemas/-/openapi-schemas-2.1.0.tgz"
  "version" "2.1.0"

"@apidevtools/swagger-methods@^3.0.2":
  "integrity" "sha512-QAkD5kK2b1WfjDS/UQn/qQkbwF31uqRjPTrsCs5ZG9BQGAkjwvqGFjjPqAuzac/IYzpPtRzjCP1WrTuAIjMrXg=="
  "resolved" "https://registry.npmjs.org/@apidevtools/swagger-methods/-/swagger-methods-3.0.2.tgz"
  "version" "3.0.2"

"@apidevtools/swagger-parser@10.0.3":
  "integrity" "sha512-sNiLY51vZOmSPFZA5TF35KZ2HbgYklQnTSDnkghamzLb3EkNtcQnrBQEj5AOCxHpTtXpqMCRM1CrmV2rG6nw4g=="
  "resolved" "https://registry.npmjs.org/@apidevtools/swagger-parser/-/swagger-parser-10.0.3.tgz"
  "version" "10.0.3"
  dependencies:
    "@apidevtools/json-schema-ref-parser" "^9.0.6"
    "@apidevtools/openapi-schemas" "^2.0.4"
    "@apidevtools/swagger-methods" "^3.0.2"
    "@jsdevtools/ono" "^7.1.3"
    "call-me-maybe" "^1.0.1"
    "z-schema" "^5.0.1"

"@jsdevtools/ono@^7.1.3":
  "integrity" "sha512-4JQNk+3mVzK3xh2rqd6RB4J46qUR19azEHBneZyTZM+c456qOrbbM/5xcR8huNCCcbVt7+UmizG6GuUvPvKUYg=="
  "resolved" "https://registry.npmjs.org/@jsdevtools/ono/-/ono-7.1.3.tgz"
  "version" "7.1.3"

"@types/json-schema@^7.0.6":
  "integrity" "sha512-wOuvG1SN4Us4rez+tylwwwCV1psiNVOkJeM3AUWUNWg/jDQY2+HE/444y5gc+jBmRqASOm2Oeh5c1axHobwRKQ=="
  "resolved" "https://registry.npmjs.org/@types/json-schema/-/json-schema-7.0.11.tgz"
  "version" "7.0.11"

"accepts@~1.3.3":
  "resolved" "https://registry.npmjs.org/accepts/-/accepts-1.3.3.tgz"
  "version" "1.3.3"
  dependencies:
    "mime-types" "~2.1.11"
    "negotiator" "0.6.1"

"agent-base@6":
  "integrity" "sha512-RZNwNclF7+MS/8bDg70amg32dyeZGZxiDuQmZxKLAlQjr3jGyLx+4Kkk58UO7D2QdgFIQCovuSuZESne6RG6XQ=="
  "resolved" "https://registry.npmjs.org/agent-base/-/agent-base-6.0.2.tgz"
  "version" "6.0.2"
  dependencies:
    "debug" "4"

"argparse@^2.0.1":
  "integrity" "sha512-8+9WqebbFzpX9OR+Wa6O29asIogeRMzcGtAINdpMHHyAg10f05aSFVBbcEqGf/PXw1EjAZ+q2/bEBg3DvurK3Q=="
  "resolved" "https://registry.npmjs.org/argparse/-/argparse-2.0.1.tgz"
  "version" "2.0.1"

"array-flatten@1.1.1":
  "resolved" "https://registry.npmjs.org/array-flatten/-/array-flatten-1.1.1.tgz"
  "version" "1.1.1"

"assertion-error@^1.0.1":
  "resolved" "https://registry.npmjs.org/assertion-error/-/assertion-error-1.0.2.tgz"
  "version" "1.0.2"

"asynckit@^0.4.0":
  "resolved" "https://registry.npmjs.org/asynckit/-/asynckit-0.4.0.tgz"
  "version" "0.4.0"

"axios@^0.26.1":
  "integrity" "sha512-fPwcX4EvnSHuInCMItEhAGnaSEXRBjtzh9fOtsE6E1G6p7vl7edEeZe11QHf18+6+9gR5PbKV/sGKNaD8YaMeA=="
  "resolved" "https://registry.npmjs.org/axios/-/axios-0.26.1.tgz"
  "version" "0.26.1"
  dependencies:
    "follow-redirects" "^1.14.8"

"balanced-match@^1.0.0":
  "integrity" "sha512-3oSeUO0TMV67hN1AmbXsK4yaqU7tjiHlbxRDZOpH0KW9+CeX4bRAaX0Anxt0tx2MrpRpWwQaPwIlISEJhYU5Pw=="
  "resolved" "https://registry.npmjs.org/balanced-match/-/balanced-match-1.0.2.tgz"
  "version" "1.0.2"

"bignumber.js@9.0.0":
  "integrity" "sha512-t/OYhhJ2SD+YGBQcjY8GzzDHEk9f3nerxjtfa6tlMXfe7frs/WozhvCNoGvpM0P3bNf3Gq5ZRMlGr5f3r4/N8A=="
  "resolved" "https://registry.npmjs.org/bignumber.js/-/bignumber.js-9.0.0.tgz"
  "version" "9.0.0"

"body-parser@^1.16.1":
  "resolved" "https://registry.npmjs.org/body-parser/-/body-parser-1.16.1.tgz"
  "version" "1.16.1"
  dependencies:
    "bytes" "2.4.0"
    "content-type" "~1.0.2"
    "debug" "2.6.1"
    "depd" "~1.1.0"
    "http-errors" "~1.5.1"
    "iconv-lite" "0.4.15"
    "on-finished" "~2.3.0"
    "qs" "6.2.1"
    "raw-body" "~2.2.0"
    "type-is" "~1.6.14"

"brace-expansion@^1.1.7":
  "integrity" "sha512-iCuPHDFgrHX7H2vEI/5xpz07zSHB00TpugqhmYtVmMO6518mCuRMoOYFldEBl0g187ufozdaHgWKcYFb61qGiA=="
  "resolved" "https://registry.npmjs.org/brace-expansion/-/brace-expansion-1.1.11.tgz"
  "version" "1.1.11"
  dependencies:
    "balanced-match" "^1.0.0"
    "concat-map" "0.0.1"

"browser-stdout@1.3.0":
  "resolved" "https://registry.npmjs.org/browser-stdout/-/browser-stdout-1.3.0.tgz"
  "version" "1.3.0"

"buffer-equal-constant-time@1.0.1":
  "integrity" "sha512-zRpUiDwd/xk6ADqPMATG8vc9VPrkck7T07OIx0gnjmJAnHnTVXNQG3vfvWNuiZIkwu9KrKdA1iJKfsfTVxE6NA=="
  "resolved" "https://registry.npmjs.org/buffer-equal-constant-time/-/buffer-equal-constant-time-1.0.1.tgz"
  "version" "1.0.1"

"bytes@2.4.0":
  "resolved" "https://registry.npmjs.org/bytes/-/bytes-2.4.0.tgz"
  "version" "2.4.0"

"call-bind@^1.0.0":
  "integrity" "sha512-7O+FbCihrB5WGbFYesctwmTKae6rOiIzmz1icreWJ+0aA7LJfuqhEso2T9ncpcFtzMQtzXf2QGGueWJGTYsqrA=="
  "resolved" "https://registry.npmjs.org/call-bind/-/call-bind-1.0.2.tgz"
  "version" "1.0.2"
  dependencies:
    "function-bind" "^1.1.1"
    "get-intrinsic" "^1.0.2"

"call-me-maybe@^1.0.1":
  "integrity" "sha512-HpX65o1Hnr9HH25ojC1YGs7HCQLq0GCOibSaWER0eNpgJ/Z1MZv2mTc7+xh6WOPxbRVcmgbv4hGU+uSQ/2xFZQ=="
  "resolved" "https://registry.npmjs.org/call-me-maybe/-/call-me-maybe-1.0.2.tgz"
  "version" "1.0.2"

"chai@^3.5.0":
  "resolved" "https://registry.npmjs.org/chai/-/chai-3.5.0.tgz"
  "version" "3.5.0"
  dependencies:
    "assertion-error" "^1.0.1"
    "deep-eql" "^0.1.3"
    "type-detect" "^1.0.0"

"clone@2.x":
  "integrity" "sha512-3Pe/CF1Nn94hyhIYpjtiLhdCoEoz0DqQ+988E9gmeEdQZlojxnOb74wctFyuwWQHzqyf9X7C7MG8juUpqBJT8w=="
  "resolved" "https://registry.npmjs.org/clone/-/clone-2.1.2.tgz"
  "version" "2.1.2"

"combined-stream@^1.0.5":
  "resolved" "https://registry.npmjs.org/combined-stream/-/combined-stream-1.0.5.tgz"
  "version" "1.0.5"
  dependencies:
    "delayed-stream" "~1.0.0"

"commander@^9.4.1":
  "integrity" "sha512-KRs7WVDKg86PWiuAqhDrAQnTXZKraVcCc6vFdL14qrZ/DcWwuRo7VoiYXalXO7S5GKpqYiVEwCbgFDfxNHKJBQ=="
  "resolved" "https://registry.npmjs.org/commander/-/commander-9.5.0.tgz"
  "version" "9.5.0"

"commander@2.9.0":
  "resolved" "https://registry.npmjs.org/commander/-/commander-2.9.0.tgz"
  "version" "2.9.0"
  dependencies:
    "graceful-readlink" ">= 1.0.0"

"commander@6.2.0":
  "integrity" "sha512-zP4jEKbe8SHzKJYQmq8Y9gYjtO/POJLgIdKgV7B9qNmABVFVc+ctqSX6iXh4mCpJfRBOabiZ2YKPg8ciDw6C+Q=="
  "resolved" "https://registry.npmjs.org/commander/-/commander-6.2.0.tgz"
  "version" "6.2.0"

"component-emitter@^1.2.0":
  "resolved" "https://registry.npmjs.org/component-emitter/-/component-emitter-1.2.1.tgz"
  "version" "1.2.1"

"concat-map@0.0.1":
  "integrity" "sha512-/Srv4dswyQNBfohGpz9o6Yb3Gz3SrUDqBH5rTuhGR7ahtlbYKnVxw2bCFMRljaA7EXHaXZ8wsHdodFvbkhKmqg=="
  "resolved" "https://registry.npmjs.org/concat-map/-/concat-map-0.0.1.tgz"
  "version" "0.0.1"

"content-disposition@0.5.2":
  "resolved" "https://registry.npmjs.org/content-disposition/-/content-disposition-0.5.2.tgz"
  "version" "0.5.2"

"content-type@~1.0.2":
  "resolved" "https://registry.npmjs.org/content-type/-/content-type-1.0.2.tgz"
  "version" "1.0.2"

"cookie-signature@1.0.6":
  "resolved" "https://registry.npmjs.org/cookie-signature/-/cookie-signature-1.0.6.tgz"
  "version" "1.0.6"

"cookie@0.3.1":
  "resolved" "https://registry.npmjs.org/cookie/-/cookie-0.3.1.tgz"
  "version" "0.3.1"

"cookiejar@^2.0.6":
  "resolved" "https://registry.npmjs.org/cookiejar/-/cookiejar-2.1.0.tgz"
  "version" "2.1.0"

"core-util-is@~1.0.0":
  "resolved" "https://registry.npmjs.org/core-util-is/-/core-util-is-1.0.2.tgz"
  "version" "1.0.2"

"dayjs@^1.8.29":
  "integrity" "sha512-+Yw9U6YO5TQohxLcIkrXBeY73WP3ejHWVvx8XCk3gxvQDCTEmS48ZrSZCKciI7Bhl/uCMyxYtE9UqRILmFphkQ=="
  "resolved" "https://registry.npmjs.org/dayjs/-/dayjs-1.11.7.tgz"
  "version" "1.11.7"

"debug@^2.2.0", "debug@~2.2.0", "debug@2.2.0":
  "resolved" "https://registry.npmjs.org/debug/-/debug-2.2.0.tgz"
  "version" "2.2.0"
  dependencies:
    "ms" "0.7.1"

"debug@2.6.1":
  "resolved" "https://registry.npmjs.org/debug/-/debug-2.6.1.tgz"
  "version" "2.6.1"
  dependencies:
    "ms" "0.7.2"

"debug@4":
  "integrity" "sha512-PRWFHuSU3eDtQJPvnNY7Jcket1j0t5OuOsFzPPzsekD52Zl8qUfFIPEiswXqIvHWGVHOgX+7G/vCNNhehwxfkQ=="
  "resolved" "https://registry.npmjs.org/debug/-/debug-4.3.4.tgz"
  "version" "4.3.4"
  dependencies:
    "ms" "2.1.2"

"deep-eql@^0.1.3":
  "resolved" "https://registry.npmjs.org/deep-eql/-/deep-eql-0.1.3.tgz"
  "version" "0.1.3"
  dependencies:
    "type-detect" "0.1.1"

"delayed-stream@~1.0.0":
  "resolved" "https://registry.npmjs.org/delayed-stream/-/delayed-stream-1.0.0.tgz"
  "version" "1.0.0"

"depd@~1.1.0":
  "resolved" "https://registry.npmjs.org/depd/-/depd-1.1.0.tgz"
  "version" "1.1.0"

"destroy@~1.0.4":
  "resolved" "https://registry.npmjs.org/destroy/-/destroy-1.0.4.tgz"
  "version" "1.0.4"

"diff@1.4.0":
  "resolved" "https://registry.npmjs.org/diff/-/diff-1.4.0.tgz"
  "version" "1.4.0"

"doctrine@3.0.0":
  "integrity" "sha512-yS+Q5i3hBf7GBkd4KG8a7eBNNWNGLTaEwwYWUijIYM7zrlYDM0BFXHjjPWlWZ1Rg7UaddZeIDmi9jF3HmqiQ2w=="
  "resolved" "https://registry.npmjs.org/doctrine/-/doctrine-3.0.0.tgz"
  "version" "3.0.0"
  dependencies:
    "esutils" "^2.0.2"

"dotenv@^16.0.3":
  "integrity" "sha512-7GO6HghkA5fYG9TYnNxi14/7K9f5occMlp3zXAuSxn7CKCxt9xbNWG7yF8hTCSUchlfWSe3uLmlPfigevRItzQ=="
  "resolved" "https://registry.npmjs.org/dotenv/-/dotenv-16.0.3.tgz"
  "version" "16.0.3"

"ecdsa-sig-formatter@1.0.11":
  "integrity" "sha512-nagl3RYrbNv6kQkeJIpt6NJZy8twLB/2vtz6yN9Z4vRKHN4/QZJIEbqohALSgwKdnksuY3k5Addp5lg8sVoVcQ=="
  "resolved" "https://registry.npmjs.org/ecdsa-sig-formatter/-/ecdsa-sig-formatter-1.0.11.tgz"
  "version" "1.0.11"
  dependencies:
    "safe-buffer" "^5.0.1"

"ee-first@1.1.1":
  "resolved" "https://registry.npmjs.org/ee-first/-/ee-first-1.1.1.tgz"
  "version" "1.1.1"

"encodeurl@~1.0.1":
  "resolved" "https://registry.npmjs.org/encodeurl/-/encodeurl-1.0.1.tgz"
  "version" "1.0.1"

"escape-html@~1.0.3":
  "resolved" "https://registry.npmjs.org/escape-html/-/escape-html-1.0.3.tgz"
  "version" "1.0.3"

"escape-string-regexp@1.0.5":
  "resolved" "https://registry.npmjs.org/escape-string-regexp/-/escape-string-regexp-1.0.5.tgz"
  "version" "1.0.5"

"esutils@^2.0.2":
  "integrity" "sha512-kVscqXk4OCp68SZ0dkgEKVi6/8ij300KBWTJq32P/dYeWTSwK41WyTxalN1eRmA5Z9UU/LX9D7FWSmV9SAYx6g=="
  "resolved" "https://registry.npmjs.org/esutils/-/esutils-2.0.3.tgz"
  "version" "2.0.3"

"etag@~1.7.0":
  "resolved" "https://registry.npmjs.org/etag/-/etag-1.7.0.tgz"
  "version" "1.7.0"

"express@^4.14.1", "express@>=4.0.0":
  "resolved" "https://registry.npmjs.org/express/-/express-4.14.1.tgz"
  "version" "4.14.1"
  dependencies:
    "accepts" "~1.3.3"
    "array-flatten" "1.1.1"
    "content-disposition" "0.5.2"
    "content-type" "~1.0.2"
    "cookie" "0.3.1"
    "cookie-signature" "1.0.6"
    "debug" "~2.2.0"
    "depd" "~1.1.0"
    "encodeurl" "~1.0.1"
    "escape-html" "~1.0.3"
    "etag" "~1.7.0"
    "finalhandler" "0.5.1"
    "fresh" "0.3.0"
    "merge-descriptors" "1.0.1"
    "methods" "~1.1.2"
    "on-finished" "~2.3.0"
    "parseurl" "~1.3.1"
    "path-to-regexp" "0.1.7"
    "proxy-addr" "~1.1.3"
    "qs" "6.2.0"
    "range-parser" "~1.2.0"
    "send" "0.14.2"
    "serve-static" "~1.11.2"
    "type-is" "~1.6.14"
    "utils-merge" "1.0.0"
    "vary" "~1.1.0"

"extend@^3.0.0":
  "resolved" "https://registry.npmjs.org/extend/-/extend-3.0.0.tgz"
  "version" "3.0.0"

"finalhandler@0.5.1":
  "resolved" "https://registry.npmjs.org/finalhandler/-/finalhandler-0.5.1.tgz"
  "version" "0.5.1"
  dependencies:
    "debug" "~2.2.0"
    "escape-html" "~1.0.3"
    "on-finished" "~2.3.0"
    "statuses" "~1.3.1"
    "unpipe" "~1.0.0"

"follow-redirects@^1.14.8":
  "integrity" "sha512-VQLG33o04KaQ8uYi2tVNbdrWp1QWxNNea+nmIB4EVM28v0hmP17z7aG1+wAkNzVq4KeXTq3221ye5qTJP91JwA=="
  "resolved" "https://registry.npmjs.org/follow-redirects/-/follow-redirects-1.15.2.tgz"
  "version" "1.15.2"

"form-data@^2.1.1":
  "resolved" "https://registry.npmjs.org/form-data/-/form-data-2.1.2.tgz"
  "version" "2.1.2"
  dependencies:
    "asynckit" "^0.4.0"
    "combined-stream" "^1.0.5"
    "mime-types" "^2.1.12"

"formatio@1.1.1":
  "resolved" "https://registry.npmjs.org/formatio/-/formatio-1.1.1.tgz"
  "version" "1.1.1"
  dependencies:
    "samsam" "~1.1"

"formidable@^1.1.1":
  "resolved" "https://registry.npmjs.org/formidable/-/formidable-1.1.1.tgz"
  "version" "1.1.1"

"forwarded@~0.1.0":
  "resolved" "https://registry.npmjs.org/forwarded/-/forwarded-0.1.0.tgz"
  "version" "0.1.0"

"fresh@0.3.0":
  "resolved" "https://registry.npmjs.org/fresh/-/fresh-0.3.0.tgz"
  "version" "0.3.0"

"fs.realpath@^1.0.0":
  "resolved" "https://registry.npmjs.org/fs.realpath/-/fs.realpath-1.0.0.tgz"
  "version" "1.0.0"

"function-bind@^1.1.1":
  "integrity" "sha512-yIovAzMX49sF8Yl58fSCWJ5svSLuaibPxXQJFLmBObTuCr0Mf1KiPopGM9NiFjiYBCbfaa2Fh6breQ6ANVTI0A=="
  "resolved" "https://registry.npmjs.org/function-bind/-/function-bind-1.1.1.tgz"
  "version" "1.1.1"

"get-intrinsic@^1.0.2":
  "integrity" "sha512-L049y6nFOuom5wGyRc3/gdTLO94dySVKRACj1RmJZBQXlbTMhtNIgkWkUHq+jYmZvKf14EW1EoJnnjbmoHij0Q=="
  "resolved" "https://registry.npmjs.org/get-intrinsic/-/get-intrinsic-1.2.0.tgz"
  "version" "1.2.0"
  dependencies:
    "function-bind" "^1.1.1"
    "has" "^1.0.3"
    "has-symbols" "^1.0.3"

"glob@7.0.5":
  "resolved" "https://registry.npmjs.org/glob/-/glob-7.0.5.tgz"
  "version" "7.0.5"
  dependencies:
    "fs.realpath" "^1.0.0"
    "inflight" "^1.0.4"
    "inherits" "2"
    "minimatch" "^3.0.2"
    "once" "^1.3.0"
    "path-is-absolute" "^1.0.0"

"glob@7.1.6":
  "integrity" "sha512-LwaxwyZ72Lk7vZINtNNrywX0ZuLyStrdDtabefZKAY5ZGJhVtgdznluResxNmPitE0SAO+O26sWTHeKSI2wMBA=="
  "resolved" "https://registry.npmjs.org/glob/-/glob-7.1.6.tgz"
  "version" "7.1.6"
  dependencies:
    "fs.realpath" "^1.0.0"
    "inflight" "^1.0.4"
    "inherits" "2"
    "minimatch" "^3.0.4"
    "once" "^1.3.0"
    "path-is-absolute" "^1.0.0"

"graceful-readlink@>= 1.0.0":
  "resolved" "https://registry.npmjs.org/graceful-readlink/-/graceful-readlink-1.0.1.tgz"
  "version" "1.0.1"

"growl@1.9.2":
  "resolved" "https://registry.npmjs.org/growl/-/growl-1.9.2.tgz"
  "version" "1.9.2"

"has-flag@^1.0.0":
  "resolved" "https://registry.npmjs.org/has-flag/-/has-flag-1.0.0.tgz"
  "version" "1.0.0"

"has-symbols@^1.0.3":
  "integrity" "sha512-l3LCuF6MgDNwTDKkdYGEihYjt5pRPbEg46rtlmnSPlUbgmB8LOIrKJbYYFBSbnPaJexMKtiPO8hmeRjRz2Td+A=="
  "resolved" "https://registry.npmjs.org/has-symbols/-/has-symbols-1.0.3.tgz"
  "version" "1.0.3"

"has@^1.0.3":
  "integrity" "sha512-f2dvO0VU6Oej7RkWJGrehjbzMAjFp5/VKPp5tTpWIV4JHHZK1/BxbFRtf/siA2SWTe09caDmVtYYzWEIbBS4zw=="
  "resolved" "https://registry.npmjs.org/has/-/has-1.0.3.tgz"
  "version" "1.0.3"
  dependencies:
    "function-bind" "^1.1.1"

"hoek@2.x.x":
  "resolved" "https://registry.npmjs.org/hoek/-/hoek-2.16.3.tgz"
  "version" "2.16.3"

"http-errors@~1.5.1":
  "resolved" "https://registry.npmjs.org/http-errors/-/http-errors-1.5.1.tgz"
  "version" "1.5.1"
  dependencies:
    "inherits" "2.0.3"
    "setprototypeof" "1.0.2"
    "statuses" ">= 1.3.1 < 2"

"https-proxy-agent@^5.0.0":
  "integrity" "sha512-dFcAjpTQFgoLMzC2VwU+C/CbS7uRL0lWmxDITmqm7C+7F0Odmj6s9l6alZc6AELXhrnggM2CeWSXHGOdX2YtwA=="
  "resolved" "https://registry.npmjs.org/https-proxy-agent/-/https-proxy-agent-5.0.1.tgz"
  "version" "5.0.1"
  dependencies:
    "agent-base" "6"
    "debug" "4"

"iconv-lite@0.4.15":
  "resolved" "https://registry.npmjs.org/iconv-lite/-/iconv-lite-0.4.15.tgz"
  "version" "0.4.15"

"inflight@^1.0.4":
  "resolved" "https://registry.npmjs.org/inflight/-/inflight-1.0.6.tgz"
  "version" "1.0.6"
  dependencies:
    "once" "^1.3.0"
    "wrappy" "1"

"inherits@~2.0.3", "inherits@2", "inherits@2.0.3":
  "resolved" "https://registry.npmjs.org/inherits/-/inherits-2.0.3.tgz"
  "version" "2.0.3"

"inherits@2.0.1":
  "resolved" "https://registry.npmjs.org/inherits/-/inherits-2.0.1.tgz"
  "version" "2.0.1"

"ipaddr.js@1.2.0":
  "resolved" "https://registry.npmjs.org/ipaddr.js/-/ipaddr.js-1.2.0.tgz"
  "version" "1.2.0"

"isarray@~1.0.0":
  "resolved" "https://registry.npmjs.org/isarray/-/isarray-1.0.0.tgz"
  "version" "1.0.0"

"isemail@1.x.x":
  "resolved" "https://registry.npmjs.org/isemail/-/isemail-1.2.0.tgz"
  "version" "1.2.0"

"joi@^6.10.1":
  "resolved" "https://registry.npmjs.org/joi/-/joi-6.10.1.tgz"
  "version" "6.10.1"
  dependencies:
    "hoek" "2.x.x"
    "isemail" "1.x.x"
    "moment" "2.x.x"
    "topo" "1.x.x"

"js-yaml@^4.1.0":
  "integrity" "sha512-wpxZs9NoxZaJESJGIZTyDEaYpl0FKSA+FB9aJiyemKhMwkxQg63h4T1KJgUGHpTqPDNRcmmYLugrRjJlBtWvRA=="
  "resolved" "https://registry.npmjs.org/js-yaml/-/js-yaml-4.1.0.tgz"
  "version" "4.1.0"
  dependencies:
    "argparse" "^2.0.1"

"json3@3.3.2":
  "resolved" "https://registry.npmjs.org/json3/-/json3-3.3.2.tgz"
  "version" "3.3.2"

"jsonwebtoken@^7.3.0":
  "resolved" "https://registry.npmjs.org/jsonwebtoken/-/jsonwebtoken-7.3.0.tgz"
  "version" "7.3.0"
  dependencies:
    "joi" "^6.10.1"
    "jws" "^3.1.4"
    "lodash.once" "^4.0.0"
    "ms" "^0.7.1"
    "xtend" "^4.0.1"

"jsonwebtoken@^9.0.0":
  "integrity" "sha512-tuGfYXxkQGDPnLJ7SibiQgVgeDgfbPq2k2ICcbgqW8WxWLBAxKQM/ZCu/IT8SOSwmaYl4dpTFCW5xZv7YbbWUw=="
  "resolved" "https://registry.npmjs.org/jsonwebtoken/-/jsonwebtoken-9.0.0.tgz"
  "version" "9.0.0"
  dependencies:
    "jws" "^3.2.2"
    "lodash" "^4.17.21"
    "ms" "^2.1.1"
    "semver" "^7.3.8"

"jwa@^1.4.1":
  "integrity" "sha512-qiLX/xhEEFKUAJ6FiBMbes3w9ATzyk5W7Hvzpa/SLYdxNtng+gcurvrI7TbACjIXlsJyr05/S1oUhZrc63evQA=="
  "resolved" "https://registry.npmjs.org/jwa/-/jwa-1.4.1.tgz"
  "version" "1.4.1"
  dependencies:
    "buffer-equal-constant-time" "1.0.1"
    "ecdsa-sig-formatter" "1.0.11"
    "safe-buffer" "^5.0.1"

"jws@^3.1.4", "jws@^3.2.2":
  "integrity" "sha512-YHlZCB6lMTllWDtSPHz/ZXTsi8S00usEV6v1tjq8tOUZzw7DpSDWVXjXDre6ed1w/pd495ODpHZYSdkRTsa0HA=="
  "resolved" "https://registry.npmjs.org/jws/-/jws-3.2.2.tgz"
  "version" "3.2.2"
  dependencies:
    "jwa" "^1.4.1"
    "safe-buffer" "^5.0.1"

"lodash._baseassign@^3.0.0":
  "resolved" "https://registry.npmjs.org/lodash._baseassign/-/lodash._baseassign-3.2.0.tgz"
  "version" "3.2.0"
  dependencies:
    "lodash._basecopy" "^3.0.0"
    "lodash.keys" "^3.0.0"

"lodash._basecopy@^3.0.0":
  "resolved" "https://registry.npmjs.org/lodash._basecopy/-/lodash._basecopy-3.0.1.tgz"
  "version" "3.0.1"

"lodash._basecreate@^3.0.0":
  "resolved" "https://registry.npmjs.org/lodash._basecreate/-/lodash._basecreate-3.0.3.tgz"
  "version" "3.0.3"

"lodash._getnative@^3.0.0":
  "resolved" "https://registry.npmjs.org/lodash._getnative/-/lodash._getnative-3.9.1.tgz"
  "version" "3.9.1"

"lodash._isiterateecall@^3.0.0":
  "resolved" "https://registry.npmjs.org/lodash._isiterateecall/-/lodash._isiterateecall-3.0.9.tgz"
  "version" "3.0.9"

"lodash.create@3.1.1":
  "resolved" "https://registry.npmjs.org/lodash.create/-/lodash.create-3.1.1.tgz"
  "version" "3.1.1"
  dependencies:
    "lodash._baseassign" "^3.0.0"
    "lodash._basecreate" "^3.0.0"
    "lodash._isiterateecall" "^3.0.0"

"lodash.get@^4.4.2":
  "integrity" "sha512-z+Uw/vLuy6gQe8cfaFWD7p0wVv8fJl3mbzXh33RS+0oW2wvUqiRXiQ69gLWSLpgB5/6sU+r6BlQR0MBILadqTQ=="
  "resolved" "https://registry.npmjs.org/lodash.get/-/lodash.get-4.4.2.tgz"
  "version" "4.4.2"

"lodash.isarguments@^3.0.0":
  "resolved" "https://registry.npmjs.org/lodash.isarguments/-/lodash.isarguments-3.1.0.tgz"
  "version" "3.1.0"

"lodash.isarray@^3.0.0":
  "resolved" "https://registry.npmjs.org/lodash.isarray/-/lodash.isarray-3.0.4.tgz"
  "version" "3.0.4"

"lodash.isequal@^4.5.0":
  "integrity" "sha512-pDo3lu8Jhfjqls6GkMgpahsF9kCyayhgykjyLMNFTKWrpVdAQtYyB4muAMWozBB4ig/dtWAmsMxLEI8wuz+DYQ=="
  "resolved" "https://registry.npmjs.org/lodash.isequal/-/lodash.isequal-4.5.0.tgz"
  "version" "4.5.0"

"lodash.keys@^3.0.0":
  "resolved" "https://registry.npmjs.org/lodash.keys/-/lodash.keys-3.1.2.tgz"
  "version" "3.1.2"
  dependencies:
    "lodash._getnative" "^3.0.0"
    "lodash.isarguments" "^3.0.0"
    "lodash.isarray" "^3.0.0"

"lodash.mergewith@^4.6.2":
  "integrity" "sha512-GK3g5RPZWTRSeLSpgP8Xhra+pnjBC56q9FZYe1d5RN3TJ35dbkGy3YqBSMbyCrlbi+CM9Z3Jk5yTL7RCsqboyQ=="
  "resolved" "https://registry.npmjs.org/lodash.mergewith/-/lodash.mergewith-4.6.2.tgz"
  "version" "4.6.2"

"lodash.once@^4.0.0":
  "resolved" "https://registry.npmjs.org/lodash.once/-/lodash.once-4.1.1.tgz"
  "version" "4.1.1"

"lodash@^4.17.21":
  "integrity" "sha512-v2kDEe57lecTulaDIuNTPy3Ry4gLGJ6Z1O3vE1krgXZNrsQ+LFTGHVxVjcXPs17LhbZVGedAJv8XZ1tvj5FvSg=="
  "resolved" "https://registry.npmjs.org/lodash/-/lodash-4.17.21.tgz"
  "version" "4.17.21"

"lolex@1.3.2":
  "resolved" "https://registry.npmjs.org/lolex/-/lolex-1.3.2.tgz"
  "version" "1.3.2"

"lru-cache@^6.0.0":
  "integrity" "sha512-Jo6dJ04CmSjuznwJSS3pUeWmd/H0ffTlkXXgwZi+eq1UCmqQwCh+eLsYOYCwY991i2Fah4h1BEMCx4qThGbsiA=="
  "resolved" "https://registry.npmjs.org/lru-cache/-/lru-cache-6.0.0.tgz"
  "version" "6.0.0"
  dependencies:
    "yallist" "^4.0.0"

"media-typer@0.3.0":
  "resolved" "https://registry.npmjs.org/media-typer/-/media-typer-0.3.0.tgz"
  "version" "0.3.0"

"merge-descriptors@1.0.1":
  "resolved" "https://registry.npmjs.org/merge-descriptors/-/merge-descriptors-1.0.1.tgz"
  "version" "1.0.1"

"methods@^1.1.1", "methods@~1.1.2":
  "resolved" "https://registry.npmjs.org/methods/-/methods-1.1.2.tgz"
  "version" "1.1.2"

"mime-db@~1.26.0":
  "resolved" "https://registry.npmjs.org/mime-db/-/mime-db-1.26.0.tgz"
  "version" "1.26.0"

"mime-types@^2.1.12", "mime-types@~2.1.11", "mime-types@~2.1.13":
  "resolved" "https://registry.npmjs.org/mime-types/-/mime-types-2.1.14.tgz"
  "version" "2.1.14"
  dependencies:
    "mime-db" "~1.26.0"

"mime@^1.3.4", "mime@1.3.4":
  "resolved" "https://registry.npmjs.org/mime/-/mime-1.3.4.tgz"
  "version" "1.3.4"

"minimatch@^3.0.2", "minimatch@^3.0.4":
  "integrity" "sha512-J7p63hRiAjw1NDEww1W7i37+ByIrOWO5XQQAzZ3VOcL0PNybwpfmV/N05zFAzwQ9USyEcX6t3UO+K5aqBQOIHw=="
  "resolved" "https://registry.npmjs.org/minimatch/-/minimatch-3.1.2.tgz"
  "version" "3.1.2"
  dependencies:
    "brace-expansion" "^1.1.7"

"minimist@0.0.8":
  "resolved" "https://registry.npmjs.org/minimist/-/minimist-0.0.8.tgz"
  "version" "0.0.8"

"mkdirp@0.5.1":
  "resolved" "https://registry.npmjs.org/mkdirp/-/mkdirp-0.5.1.tgz"
  "version" "0.5.1"
  dependencies:
    "minimist" "0.0.8"

"mocha@^3.2.0":
  "resolved" "https://registry.npmjs.org/mocha/-/mocha-3.2.0.tgz"
  "version" "3.2.0"
  dependencies:
    "browser-stdout" "1.3.0"
    "commander" "2.9.0"
    "debug" "2.2.0"
    "diff" "1.4.0"
    "escape-string-regexp" "1.0.5"
    "glob" "7.0.5"
    "growl" "1.9.2"
    "json3" "3.3.2"
    "lodash.create" "3.1.1"
    "mkdirp" "0.5.1"
    "supports-color" "3.1.2"

"moment@2.x.x":
  "resolved" "https://registry.npmjs.org/moment/-/moment-2.17.1.tgz"
  "version" "2.17.1"

"ms@^0.7.1", "ms@0.7.2":
  "resolved" "https://registry.npmjs.org/ms/-/ms-0.7.2.tgz"
  "version" "0.7.2"

"ms@^2.1.1":
  "integrity" "sha512-6FlzubTLZG3J2a/NVCAleEhjzq5oxgHyaCU9yYXvcLsvoVaHJq/s5xXI6/XXP6tz7R9xAOtHnSO/tXtF3WRTlA=="
  "resolved" "https://registry.npmjs.org/ms/-/ms-2.1.3.tgz"
  "version" "2.1.3"

"ms@0.7.1":
  "resolved" "https://registry.npmjs.org/ms/-/ms-0.7.1.tgz"
  "version" "0.7.1"

"ms@2.1.2":
  "integrity" "sha512-sGkPx+VjMtmA6MX27oA4FBFELFCZZ4S4XqeGOXCv68tT+jb3vk/RyaKWP0PTKyWtmLSM0b+adUTEvbs1PEaH2w=="
  "resolved" "https://registry.npmjs.org/ms/-/ms-2.1.2.tgz"
  "version" "2.1.2"

"mysql@^2.18.1":
  "integrity" "sha512-Bca+gk2YWmqp2Uf6k5NFEurwY/0td0cpebAucFpY/3jhrwrVGuxU2uQFCHjU19SJfje0yQvi+rVWdq78hR5lig=="
  "resolved" "https://registry.npmjs.org/mysql/-/mysql-2.18.1.tgz"
  "version" "2.18.1"
  dependencies:
    "bignumber.js" "9.0.0"
    "readable-stream" "2.3.7"
    "safe-buffer" "5.1.2"
    "sqlstring" "2.3.1"

"negotiator@0.6.1":
  "resolved" "https://registry.npmjs.org/negotiator/-/negotiator-0.6.1.tgz"
  "version" "0.6.1"

"node-cache@^5.1.2":
  "integrity" "sha512-t1QzWwnk4sjLWaQAS8CHgOJ+RAfmHpxFWmc36IWTiWHQfs0w5JDMBS1b1ZxQteo0vVVuWJvIUKHDkkeK7vIGCg=="
  "resolved" "https://registry.npmjs.org/node-cache/-/node-cache-5.1.2.tgz"
  "version" "5.1.2"
  dependencies:
    "clone" "2.x"

"object-inspect@^1.9.0":
  "integrity" "sha512-geUvdk7c+eizMNUDkRpW1wJwgfOiOeHbxBR/hLXK1aT6zmVSO0jsQcs7fj6MGw89jC/cjGfLcNOrtMYtGqm81g=="
  "resolved" "https://registry.npmjs.org/object-inspect/-/object-inspect-1.12.3.tgz"
  "version" "1.12.3"

"on-finished@~2.3.0":
  "resolved" "https://registry.npmjs.org/on-finished/-/on-finished-2.3.0.tgz"
  "version" "2.3.0"
  dependencies:
    "ee-first" "1.1.1"

"once@^1.3.0":
  "resolved" "https://registry.npmjs.org/once/-/once-1.4.0.tgz"
  "version" "1.4.0"
  dependencies:
    "wrappy" "1"

"openapi-types@>=7":
  "integrity" "sha512-XpeCy01X6L5EpP+6Hc3jWN7rMZJ+/k1lwki/kTmWzbVhdPie3jd5O2ZtedEx8Yp58icJ0osVldLMrTB/zslQXA=="
  "resolved" "https://registry.npmjs.org/openapi-types/-/openapi-types-12.1.0.tgz"
  "version" "12.1.0"

"parseurl@~1.3.1":
  "resolved" "https://registry.npmjs.org/parseurl/-/parseurl-1.3.1.tgz"
  "version" "1.3.1"

"path-is-absolute@^1.0.0":
  "resolved" "https://registry.npmjs.org/path-is-absolute/-/path-is-absolute-1.0.1.tgz"
  "version" "1.0.1"

"path-to-regexp@0.1.7":
  "resolved" "https://registry.npmjs.org/path-to-regexp/-/path-to-regexp-0.1.7.tgz"
  "version" "0.1.7"

"process-nextick-args@~2.0.0":
  "integrity" "sha512-3ouUOpQhtgrbOa17J7+uxOTpITYWaGP7/AhoR3+A+/1e9skrzelGi/dXzEYyvbxubEF6Wn2ypscTKiKJFFn1ag=="
  "resolved" "https://registry.npmjs.org/process-nextick-args/-/process-nextick-args-2.0.1.tgz"
  "version" "2.0.1"

"proxy-addr@~1.1.3":
  "resolved" "https://registry.npmjs.org/proxy-addr/-/proxy-addr-1.1.3.tgz"
  "version" "1.1.3"
  dependencies:
    "forwarded" "~0.1.0"
    "ipaddr.js" "1.2.0"

"qs@^6.1.0", "qs@6.2.0":
  "resolved" "https://registry.npmjs.org/qs/-/qs-6.2.0.tgz"
  "version" "6.2.0"

"qs@^6.9.4":
  "integrity" "sha512-MvjoMCJwEarSbUYk5O+nmoSzSutSsTwF85zcHPQ9OrlFoZOYIjaqBAJIqIXjptyD5vThxGq52Xu/MaJzRkIk4Q=="
  "resolved" "https://registry.npmjs.org/qs/-/qs-6.11.0.tgz"
  "version" "6.11.0"
  dependencies:
    "side-channel" "^1.0.4"

"qs@6.2.1":
  "resolved" "https://registry.npmjs.org/qs/-/qs-6.2.1.tgz"
  "version" "6.2.1"

"querystringify@^2.1.1":
  "integrity" "sha512-FIqgj2EUvTa7R50u0rGsyTftzjYmv/a3hO345bZNrqabNqjtgiDMgmo4mkUjd+nzU5oF3dClKqFIPUKybUyqoQ=="
  "resolved" "https://registry.npmjs.org/querystringify/-/querystringify-2.2.0.tgz"
  "version" "2.2.0"

"range-parser@~1.2.0":
  "resolved" "https://registry.npmjs.org/range-parser/-/range-parser-1.2.0.tgz"
  "version" "1.2.0"

"raw-body@~2.2.0":
  "resolved" "https://registry.npmjs.org/raw-body/-/raw-body-2.2.0.tgz"
  "version" "2.2.0"
  dependencies:
    "bytes" "2.4.0"
    "iconv-lite" "0.4.15"
    "unpipe" "1.0.0"

"readable-stream@^2.0.5", "readable-stream@2.3.7":
  "integrity" "sha512-Ebho8K4jIbHAxnuxi7o42OrZgF/ZTNcsZj6nRKyUmkhLFq8CHItp/fy6hQZuZmP/n3yZ9VBUbp4zz/mX8hmYPw=="
  "resolved" "https://registry.npmjs.org/readable-stream/-/readable-stream-2.3.7.tgz"
  "version" "2.3.7"
  dependencies:
    "core-util-is" "~1.0.0"
    "inherits" "~2.0.3"
    "isarray" "~1.0.0"
    "process-nextick-args" "~2.0.0"
    "safe-buffer" "~5.1.1"
    "string_decoder" "~1.1.1"
    "util-deprecate" "~1.0.1"

"requires-port@^1.0.0":
  "integrity" "sha512-KigOCHcocU3XODJxsu8i/j8T9tzT4adHiecwORRQ0ZZFcp7ahwXuRU1m+yuO90C5ZUyGeGfocHDI14M3L3yDAQ=="
  "resolved" "https://registry.npmjs.org/requires-port/-/requires-port-1.0.0.tgz"
  "version" "1.0.0"

"safe-buffer@^5.0.1", "safe-buffer@~5.1.0", "safe-buffer@~5.1.1", "safe-buffer@5.1.2":
  "integrity" "sha512-Gd2UZBJDkXlY7GbJxfsE8/nvKkUEU1G38c1siN6QP6a9PT9MmHB8GnpscSmMJSoF8LOIrt8ud/wPtojys4G6+g=="
  "resolved" "https://registry.npmjs.org/safe-buffer/-/safe-buffer-5.1.2.tgz"
  "version" "5.1.2"

"samsam@~1.1", "samsam@1.1.2":
  "resolved" "https://registry.npmjs.org/samsam/-/samsam-1.1.2.tgz"
  "version" "1.1.2"

"scmp@^2.1.0":
  "integrity" "sha512-o/mRQGk9Rcer/jEEw/yw4mwo3EU/NvYvp577/Btqrym9Qy5/MdWGBqipbALgd2lrdWTJ5/gqDusxfnQBxOxT2Q=="
  "resolved" "https://registry.npmjs.org/scmp/-/scmp-2.1.0.tgz"
  "version" "2.1.0"

"semver@^7.3.8":
  "integrity" "sha512-NB1ctGL5rlHrPJtFDVIVzTyQylMLu9N9VICA6HSFJo8MCGVTMW6gfpicwKmmK/dAjTOrqu5l63JJOpDSrAis3A=="
  "resolved" "https://registry.npmjs.org/semver/-/semver-7.3.8.tgz"
  "version" "7.3.8"
  dependencies:
    "lru-cache" "^6.0.0"

"send@0.14.2":
  "resolved" "https://registry.npmjs.org/send/-/send-0.14.2.tgz"
  "version" "0.14.2"
  dependencies:
    "debug" "~2.2.0"
    "depd" "~1.1.0"
    "destroy" "~1.0.4"
    "encodeurl" "~1.0.1"
    "escape-html" "~1.0.3"
    "etag" "~1.7.0"
    "fresh" "0.3.0"
    "http-errors" "~1.5.1"
    "mime" "1.3.4"
    "ms" "0.7.2"
    "on-finished" "~2.3.0"
    "range-parser" "~1.2.0"
    "statuses" "~1.3.1"

"serve-static@~1.11.2":
  "resolved" "https://registry.npmjs.org/serve-static/-/serve-static-1.11.2.tgz"
  "version" "1.11.2"
  dependencies:
    "encodeurl" "~1.0.1"
    "escape-html" "~1.0.3"
    "parseurl" "~1.3.1"
    "send" "0.14.2"

"setprototypeof@1.0.2":
  "resolved" "https://registry.npmjs.org/setprototypeof/-/setprototypeof-1.0.2.tgz"
  "version" "1.0.2"

"side-channel@^1.0.4":
  "integrity" "sha512-q5XPytqFEIKHkGdiMIrY10mvLRvnQh42/+GoBlFW3b2LXLE2xxJpZFdm94we0BaoV3RwJyGqg5wS7epxTv0Zvw=="
  "resolved" "https://registry.npmjs.org/side-channel/-/side-channel-1.0.4.tgz"
  "version" "1.0.4"
  dependencies:
    "call-bind" "^1.0.0"
    "get-intrinsic" "^1.0.2"
    "object-inspect" "^1.9.0"

"sinon@^1.17.7":
  "resolved" "https://registry.npmjs.org/sinon/-/sinon-1.17.7.tgz"
  "version" "1.17.7"
  dependencies:
    "formatio" "1.1.1"
    "lolex" "1.3.2"
    "samsam" "1.1.2"
    "util" ">=0.10.3 <1"

"sqlstring@2.3.1":
  "integrity" "sha512-ooAzh/7dxIG5+uDik1z/Rd1vli0+38izZhGzSa34FwR7IbelPWCCKSNIl8jlL/F7ERvy8CB2jNeM1E9i9mXMAQ=="
  "resolved" "https://registry.npmjs.org/sqlstring/-/sqlstring-2.3.1.tgz"
  "version" "2.3.1"

"statuses@>= 1.3.1 < 2", "statuses@~1.3.1":
  "resolved" "https://registry.npmjs.org/statuses/-/statuses-1.3.1.tgz"
  "version" "1.3.1"

"string_decoder@~1.1.1":
  "integrity" "sha512-n/ShnvDi6FHbbVfviro+WojiFzv+s8MPMHBczVePfUpDJLwoLT0ht1l4YwBCbi8pJAveEEdnkHyPyTP/mzRfwg=="
  "resolved" "https://registry.npmjs.org/string_decoder/-/string_decoder-1.1.1.tgz"
  "version" "1.1.1"
  dependencies:
    "safe-buffer" "~5.1.0"

"superagent@^3.0.0":
  "resolved" "https://registry.npmjs.org/superagent/-/superagent-3.4.4.tgz"
  "version" "3.4.4"
  dependencies:
    "component-emitter" "^1.2.0"
    "cookiejar" "^2.0.6"
    "debug" "^2.2.0"
    "extend" "^3.0.0"
    "form-data" "^2.1.1"
    "formidable" "^1.1.1"
    "methods" "^1.1.1"
    "mime" "^1.3.4"
    "qs" "^6.1.0"
    "readable-stream" "^2.0.5"

"supertest@^3.0.0":
  "resolved" "https://registry.npmjs.org/supertest/-/supertest-3.0.0.tgz"
  "version" "3.0.0"
  dependencies:
    "methods" "~1.1.2"
    "superagent" "^3.0.0"

"supports-color@3.1.2":
  "resolved" "https://registry.npmjs.org/supports-color/-/supports-color-3.1.2.tgz"
  "version" "3.1.2"
  dependencies:
    "has-flag" "^1.0.0"

"swagger-jsdoc@^6.2.8":
  "integrity" "sha512-VPvil1+JRpmJ55CgAtn8DIcpBs0bL5L3q5bVQvF4tAW/k/9JYSj7dCpaYCAv5rufe0vcCbBRQXGvzpkWjvLklQ=="
  "resolved" "https://registry.npmjs.org/swagger-jsdoc/-/swagger-jsdoc-6.2.8.tgz"
  "version" "6.2.8"
  dependencies:
    "commander" "6.2.0"
    "doctrine" "3.0.0"
    "glob" "7.1.6"
    "lodash.mergewith" "^4.6.2"
    "swagger-parser" "^10.0.3"
    "yaml" "2.0.0-1"

"swagger-parser@^10.0.3":
  "integrity" "sha512-nF7oMeL4KypldrQhac8RyHerJeGPD1p2xDh900GPvc+Nk7nWP6jX2FcC7WmkinMoAmoO774+AFXcWsW8gMWEIg=="
  "resolved" "https://registry.npmjs.org/swagger-parser/-/swagger-parser-10.0.3.tgz"
  "version" "10.0.3"
  dependencies:
    "@apidevtools/swagger-parser" "10.0.3"

"swagger-ui-dist@>=4.11.0":
  "integrity" "sha512-31zNkTaOItkhyoKQMs1HIRZ+0kwBPcmp1R0TcVsAmZpT8QGWFI6k9wfTfllQ1t2oE8IoHVUwL5V0VTAKUosvNg=="
  "resolved" "https://registry.npmjs.org/swagger-ui-dist/-/swagger-ui-dist-4.17.0.tgz"
  "version" "4.17.0"

"swagger-ui-express@^4.6.2":
  "integrity" "sha512-MHIOaq9JrTTB3ygUJD+08PbjM5Tt/q7x80yz9VTFIatw8j5uIWKcr90S0h5NLMzFEDC6+eVprtoeA5MDZXCUKQ=="
  "resolved" "https://registry.npmjs.org/swagger-ui-express/-/swagger-ui-express-4.6.2.tgz"
  "version" "4.6.2"
  dependencies:
    "swagger-ui-dist" ">=4.11.0"

"topo@1.x.x":
  "resolved" "https://registry.npmjs.org/topo/-/topo-1.1.0.tgz"
  "version" "1.1.0"
  dependencies:
    "hoek" "2.x.x"

"twilio@^4.8.0":
  "integrity" "sha512-jJaEyFGIiIAIfAWyq94g3uo2odTyo2opRN8hzpDHpbA4SYDfhxmm4E+Z0c7AP41HEdxzDyCwMkLNXh6fBpWRiw=="
  "resolved" "https://registry.npmjs.org/twilio/-/twilio-4.8.0.tgz"
  "version" "4.8.0"
  dependencies:
    "axios" "^0.26.1"
    "dayjs" "^1.8.29"
    "https-proxy-agent" "^5.0.0"
    "jsonwebtoken" "^9.0.0"
    "qs" "^6.9.4"
    "scmp" "^2.1.0"
    "url-parse" "^1.5.9"
    "xmlbuilder" "^13.0.2"

"type-detect@^1.0.0":
  "resolved" "https://registry.npmjs.org/type-detect/-/type-detect-1.0.0.tgz"
  "version" "1.0.0"

"type-detect@0.1.1":
  "resolved" "https://registry.npmjs.org/type-detect/-/type-detect-0.1.1.tgz"
  "version" "0.1.1"

"type-is@~1.6.14":
  "resolved" "https://registry.npmjs.org/type-is/-/type-is-1.6.14.tgz"
  "version" "1.6.14"
  dependencies:
    "media-typer" "0.3.0"
    "mime-types" "~2.1.13"

"unpipe@~1.0.0", "unpipe@1.0.0":
  "resolved" "https://registry.npmjs.org/unpipe/-/unpipe-1.0.0.tgz"
  "version" "1.0.0"

"url-parse@^1.5.9":
  "integrity" "sha512-WypcfiRhfeUP9vvF0j6rw0J3hrWrw6iZv3+22h6iRMJ/8z1Tj6XfLP4DsUix5MhMPnXpiHDoKyoZ/bdCkwBCiQ=="
  "resolved" "https://registry.npmjs.org/url-parse/-/url-parse-1.5.10.tgz"
  "version" "1.5.10"
  dependencies:
    "querystringify" "^2.1.1"
    "requires-port" "^1.0.0"

"util-deprecate@~1.0.1":
  "resolved" "https://registry.npmjs.org/util-deprecate/-/util-deprecate-1.0.2.tgz"
  "version" "1.0.2"

"util@>=0.10.3 <1":
  "resolved" "https://registry.npmjs.org/util/-/util-0.10.3.tgz"
  "version" "0.10.3"
  dependencies:
    "inherits" "2.0.1"

"utils-merge@1.0.0":
  "resolved" "https://registry.npmjs.org/utils-merge/-/utils-merge-1.0.0.tgz"
  "version" "1.0.0"

"validator@^13.7.0":
  "integrity" "sha512-B+dGG8U3fdtM0/aNK4/X8CXq/EcxU2WPrPEkJGslb47qyHsxmbggTWK0yEA4qnYVNF+nxNlN88o14hIcPmSIEA=="
  "resolved" "https://registry.npmjs.org/validator/-/validator-13.9.0.tgz"
  "version" "13.9.0"

"vary@~1.1.0":
  "resolved" "https://registry.npmjs.org/vary/-/vary-1.1.0.tgz"
  "version" "1.1.0"

"wrappy@1":
  "resolved" "https://registry.npmjs.org/wrappy/-/wrappy-1.0.2.tgz"
  "version" "1.0.2"

"xmlbuilder@^13.0.2":
  "integrity" "sha512-Eux0i2QdDYKbdbA6AM6xE4m6ZTZr4G4xF9kahI2ukSEMCzwce2eX9WlTI5J3s+NU7hpasFsr8hWIONae7LluAQ=="
  "resolved" "https://registry.npmjs.org/xmlbuilder/-/xmlbuilder-13.0.2.tgz"
  "version" "13.0.2"

"xtend@^4.0.1":
  "resolved" "https://registry.npmjs.org/xtend/-/xtend-4.0.1.tgz"
  "version" "4.0.1"

"yallist@^4.0.0":
  "integrity" "sha512-3wdGidZyq5PB084XLES5TpOSRA3wjXAlIWMhum2kRcv/41Sn2emQ0dycQW4uZXLejwKvg6EsvbdlVL+FYEct7A=="
  "resolved" "https://registry.npmjs.org/yallist/-/yallist-4.0.0.tgz"
  "version" "4.0.0"

"yaml@2.0.0-1":
  "integrity" "sha512-W7h5dEhywMKenDJh2iX/LABkbFnBxasD27oyXWDS/feDsxiw0dD5ncXdYXgkvAsXIY2MpW/ZKkr9IU30DBdMNQ=="
  "resolved" "https://registry.npmjs.org/yaml/-/yaml-2.0.0-1.tgz"
  "version" "2.0.0-1"

"z-schema@^5.0.1":
  "integrity" "sha512-D7eujBWkLa3p2sIpJA0d1pr7es+a7m0vFAnZLlCEKq/Ij2k0MLi9Br2UPxoxdYystm5K1yeBGzub0FlYUEWj2Q=="
  "resolved" "https://registry.npmjs.org/z-schema/-/z-schema-5.0.5.tgz"
  "version" "5.0.5"
  dependencies:
    "lodash.get" "^4.4.2"
    "lodash.isequal" "^4.5.0"
    "validator" "^13.7.0"
  optionalDependencies:
    "commander" "^9.4.1"
